
Microsoft Visual Studio Solution File, Format Version 12.00
# Visual Studio Version 17
VisualStudioVersion = 17.9.34622.214
MinimumVisualStudioVersion = 10.0.40219.1
Project("{9A19103F-16F7-4668-BE54-9A1E7A4F7556}") = "AnimationDemo", "AnimationDemo.csproj", "{AA7661DE-25DD-4E68-AF7B-F487750F2346}"
EndProject
Project("{2150E333-8FDC-42A3-9474-1A3956D46DE8}") = "Solution Items", "Solution Items", "{BBADAB24-2B64-4957-A2F0-E3AF00A8A0AE}"
EndProject
Project("{9A19103F-16F7-4668-BE54-9A1E7A4F7556}") = "AsyncCommands", "..\AsyncCommands\AsyncCommands.csproj", "{1ED89D44-403B-40E9-BEE9-6FFF34C34922}"
EndProject
Project("{9A19103F-16F7-4668-BE54-9A1E7A4F7556}") = "BindingShort", "BindingShort\BindingShort.csproj", "{64201DF3-FDE5-4995-9397-91BDA5AC7112}"
EndProject
Project("{9A19103F-16F7-4668-BE54-9A1E7A4F7556}") = "ClassCommands", "ClassCommands\ClassCommands.csproj", "{8564DC0F-C67B-42BA-8B09-630F8D7A9A8C}"
EndProject
Project("{9A19103F-16F7-4668-BE54-9A1E7A4F7556}") = "CollectionViewMVVM", "CollectionViewMVVM\CollectionViewMVVM.csproj", "{3EE798CF-F125-49AC-8B48-A7FDE73F21AA}"
EndProject
Project("{9A19103F-16F7-4668-BE54-9A1E7A4F7556}") = "CommunicationMVVM", "CommunicationMVVM\CommunicationMVVM.csproj", "{17A82FCB-857C-41F7-9891-2B8FDEF2D557}"
EndProject
Project("{FAE04EC0-301F-11D3-BF4B-00C04F79EFBC}") = "ConditionalRendering", "ConditionalRendering\ConditionalRendering.csproj", "{DECA7263-BC86-49EB-ABD5-3190D3EDF1D3}"
EndProject
Project("{FAE04EC0-301F-11D3-BF4B-00C04F79EFBC}") = "CustomObservableCollections", "CustomObservableCollections\CustomObservableCollections.csproj", "{3520A19C-CF51-4094-B28E-279286867DF0}"
EndProject
Project("{FAE04EC0-301F-11D3-BF4B-00C04F79EFBC}") = "DashboardMVVM", "DashboardMVVM\DashboardMVVM.csproj", "{491D0B1E-6344-4C28-B56D-5F748301ECDB}"
EndProject
Global
	GlobalSection(SolutionConfigurationPlatforms) = preSolution
		Debug|Any CPU = Debug|Any CPU
		Release|Any CPU = Release|Any CPU
	EndGlobalSection
	GlobalSection(ProjectConfigurationPlatforms) = postSolution
		{AA7661DE-25DD-4E68-AF7B-F487750F2346}.Debug|Any CPU.ActiveCfg = Debug|Any CPU
		{AA7661DE-25DD-4E68-AF7B-F487750F2346}.Debug|Any CPU.Build.0 = Debug|Any CPU
		{AA7661DE-25DD-4E68-AF7B-F487750F2346}.Release|Any CPU.ActiveCfg = Release|Any CPU
		{AA7661DE-25DD-4E68-AF7B-F487750F2346}.Release|Any CPU.Build.0 = Release|Any CPU
		{1ED89D44-403B-40E9-BEE9-6FFF34C34922}.Debug|Any CPU.ActiveCfg = Debug|Any CPU
		{1ED89D44-403B-40E9-BEE9-6FFF34C34922}.Debug|Any CPU.Build.0 = Debug|Any CPU
		{1ED89D44-403B-40E9-BEE9-6FFF34C34922}.Release|Any CPU.ActiveCfg = Release|Any CPU
		{1ED89D44-403B-40E9-BEE9-6FFF34C34922}.Release|Any CPU.Build.0 = Release|Any CPU
		{64201DF3-FDE5-4995-9397-91BDA5AC7112}.Debug|Any CPU.ActiveCfg = Debug|Any CPU
		{64201DF3-FDE5-4995-9397-91BDA5AC7112}.Debug|Any CPU.Build.0 = Debug|Any CPU
		{64201DF3-FDE5-4995-9397-91BDA5AC7112}.Release|Any CPU.ActiveCfg = Release|Any CPU
		{64201DF3-FDE5-4995-9397-91BDA5AC7112}.Release|Any CPU.Build.0 = Release|Any CPU
		{8564DC0F-C67B-42BA-8B09-630F8D7A9A8C}.Debug|Any CPU.ActiveCfg = Debug|Any CPU
		{8564DC0F-C67B-42BA-8B09-630F8D7A9A8C}.Debug|Any CPU.Build.0 = Debug|Any CPU
		{8564DC0F-C67B-42BA-8B09-630F8D7A9A8C}.Release|Any CPU.ActiveCfg = Release|Any CPU
		{8564DC0F-C67B-42BA-8B09-630F8D7A9A8C}.Release|Any CPU.Build.0 = Release|Any CPU
		{3EE798CF-F125-49AC-8B48-A7FDE73F21AA}.Debug|Any CPU.ActiveCfg = Debug|Any CPU
		{3EE798CF-F125-49AC-8B48-A7FDE73F21AA}.Debug|Any CPU.Build.0 = Debug|Any CPU
		{3EE798CF-F125-49AC-8B48-A7FDE73F21AA}.Release|Any CPU.ActiveCfg = Release|Any CPU
		{3EE798CF-F125-49AC-8B48-A7FDE73F21AA}.Release|Any CPU.Build.0 = Release|Any CPU
		{17A82FCB-857C-41F7-9891-2B8FDEF2D557}.Debug|Any CPU.ActiveCfg = Debug|Any CPU
		{17A82FCB-857C-41F7-9891-2B8FDEF2D557}.Debug|Any CPU.Build.0 = Debug|Any CPU
		{17A82FCB-857C-41F7-9891-2B8FDEF2D557}.Release|Any CPU.ActiveCfg = Release|Any CPU
		{17A82FCB-857C-41F7-9891-2B8FDEF2D557}.Release|Any CPU.Build.0 = Release|Any CPU
		{DECA7263-BC86-49EB-ABD5-3190D3EDF1D3}.Debug|Any CPU.ActiveCfg = Debug|Any CPU
		{DECA7263-BC86-49EB-ABD5-3190D3EDF1D3}.Debug|Any CPU.Build.0 = Debug|Any CPU
		{DECA7263-BC86-49EB-ABD5-3190D3EDF1D3}.Release|Any CPU.ActiveCfg = Release|Any CPU
		{DECA7263-BC86-49EB-ABD5-3190D3EDF1D3}.Release|Any CPU.Build.0 = Release|Any CPU
		{3520A19C-CF51-4094-B28E-279286867DF0}.Debug|Any CPU.ActiveCfg = Debug|Any CPU
		{3520A19C-CF51-4094-B28E-279286867DF0}.Debug|Any CPU.Build.0 = Debug|Any CPU
		{3520A19C-CF51-4094-B28E-279286867DF0}.Release|Any CPU.ActiveCfg = Release|Any CPU
		{3520A19C-CF51-4094-B28E-279286867DF0}.Release|Any CPU.Build.0 = Release|Any CPU
		{491D0B1E-6344-4C28-B56D-5F748301ECDB}.Debug|Any CPU.ActiveCfg = Debug|Any CPU
		{491D0B1E-6344-4C28-B56D-5F748301ECDB}.Debug|Any CPU.Build.0 = Debug|Any CPU
		{491D0B1E-6344-4C28-B56D-5F748301ECDB}.Release|Any CPU.ActiveCfg = Release|Any CPU
		{491D0B1E-6344-4C28-B56D-5F748301ECDB}.Release|Any CPU.Build.0 = Release|Any CPU
	EndGlobalSection
	GlobalSection(SolutionProperties) = preSolution
		HideSolutionNode = FALSE
	EndGlobalSection
	GlobalSection(ExtensibilityGlobals) = postSolution
		SolutionGuid = {189FE411-7D08-467E-AB58-2926AE1DD2DA}
	EndGlobalSection
EndGlobal
